// !$*UTF8*$!
{
	archiveVersion = 1;
	classes = {
	};
	objectVersion = 51;
	objects = {

/* Begin PBXBuildFile section */
		5445695025B6FD1700DE4097 /* AppDelegate.swift in Sources */ = {isa = PBXBuildFile; fileRef = 5445694F25B6FD1700DE4097 /* AppDelegate.swift */; };
		5445695225B6FD1700DE4097 /* SceneDelegate.swift in Sources */ = {isa = PBXBuildFile; fileRef = 5445695125B6FD1700DE4097 /* SceneDelegate.swift */; };
		5445695725B6FD1700DE4097 /* Main.storyboard in Resources */ = {isa = PBXBuildFile; fileRef = 5445695525B6FD1700DE4097 /* Main.storyboard */; };
		5445695925B6FD1700DE4097 /* Assets.xcassets in Resources */ = {isa = PBXBuildFile; fileRef = 5445695825B6FD1700DE4097 /* Assets.xcassets */; };
		5445695C25B6FD1700DE4097 /* LaunchScreen.storyboard in Resources */ = {isa = PBXBuildFile; fileRef = 5445695A25B6FD1700DE4097 /* LaunchScreen.storyboard */; };
		5445697C25B7480F00DE4097 /* ApiKeys.swift in Sources */ = {isa = PBXBuildFile; fileRef = 5445697B25B7480F00DE4097 /* ApiKeys.swift */; };
		5445697F25B7485400DE4097 /* Service.swift in Sources */ = {isa = PBXBuildFile; fileRef = 5445697E25B7485400DE4097 /* Service.swift */; };
		5445698225B7488800DE4097 /* PhotoItem.swift in Sources */ = {isa = PBXBuildFile; fileRef = 5445698125B7488800DE4097 /* PhotoItem.swift */; };
		5445698525B7493000DE4097 /* AppConstants.swift in Sources */ = {isa = PBXBuildFile; fileRef = 5445698425B7493000DE4097 /* AppConstants.swift */; };
		5445698925B7499A00DE4097 /* MainViewController.swift in Sources */ = {isa = PBXBuildFile; fileRef = 5445698825B7499A00DE4097 /* MainViewController.swift */; };
		5445698C25B7502000DE4097 /* UIView+Layout.swift in Sources */ = {isa = PBXBuildFile; fileRef = 5445698B25B7502000DE4097 /* UIView+Layout.swift */; };
		5445698F25B7505100DE4097 /* PhotoCell.swift in Sources */ = {isa = PBXBuildFile; fileRef = 5445698E25B7505100DE4097 /* PhotoCell.swift */; };
		5445699625B75BB800DE4097 /* WaterfallLayout.swift in Sources */ = {isa = PBXBuildFile; fileRef = 5445699525B75BB800DE4097 /* WaterfallLayout.swift */; };
		5445699825B75BD200DE4097 /* PagingView.swift in Sources */ = {isa = PBXBuildFile; fileRef = 5445699725B75BD200DE4097 /* PagingView.swift */; };
		5445699C25B7F52300DE4097 /* PhotoView.swift in Sources */ = {isa = PBXBuildFile; fileRef = 5445699B25B7F52300DE4097 /* PhotoView.swift */; };
		5445699E25B80FE400DE4097 /* UIColor+Additions.swift in Sources */ = {isa = PBXBuildFile; fileRef = 5445699D25B80FE400DE4097 /* UIColor+Additions.swift */; };
		544569C525B8373600DE4097 /* PhotoDetailViewController.swift in Sources */ = {isa = PBXBuildFile; fileRef = 544569C425B8373600DE4097 /* PhotoDetailViewController.swift */; };
		969BF5E1CEC6A5C5F63018F1 /* Pods_Gallery.framework in Frameworks */ = {isa = PBXBuildFile; fileRef = EA853EB673A88E3C742830B7 /* Pods_Gallery.framework */; };
/* End PBXBuildFile section */

/* Begin PBXFileReference section */
		26FFBBBF6E13C7550D1759A3 /* Pods-Gallery.release.xcconfig */ = {isa = PBXFileReference; includeInIndex = 1; lastKnownFileType = text.xcconfig; name = "Pods-Gallery.release.xcconfig"; path = "Target Support Files/Pods-Gallery/Pods-Gallery.release.xcconfig"; sourceTree = "<group>"; };
		5445694C25B6FD1700DE4097 /* Gallery.app */ = {isa = PBXFileReference; explicitFileType = wrapper.application; includeInIndex = 0; path = Gallery.app; sourceTree = BUILT_PRODUCTS_DIR; };
		5445694F25B6FD1700DE4097 /* AppDelegate.swift */ = {isa = PBXFileReference; lastKnownFileType = sourcecode.swift; path = AppDelegate.swift; sourceTree = "<group>"; };
		5445695125B6FD1700DE4097 /* SceneDelegate.swift */ = {isa = PBXFileReference; lastKnownFileType = sourcecode.swift; path = SceneDelegate.swift; sourceTree = "<group>"; };
		5445695625B6FD1700DE4097 /* Base */ = {isa = PBXFileReference; lastKnownFileType = file.storyboard; name = Base; path = Base.lproj/Main.storyboard; sourceTree = "<group>"; };
		5445695825B6FD1700DE4097 /* Assets.xcassets */ = {isa = PBXFileReference; lastKnownFileType = folder.assetcatalog; path = Assets.xcassets; sourceTree = "<group>"; };
		5445695B25B6FD1700DE4097 /* Base */ = {isa = PBXFileReference; lastKnownFileType = file.storyboard; name = Base; path = Base.lproj/LaunchScreen.storyboard; sourceTree = "<group>"; };
		5445695D25B6FD1700DE4097 /* Info.plist */ = {isa = PBXFileReference; lastKnownFileType = text.plist.xml; path = Info.plist; sourceTree = "<group>"; };
		5445697B25B7480F00DE4097 /* ApiKeys.swift */ = {isa = PBXFileReference; lastKnownFileType = sourcecode.swift; path = ApiKeys.swift; sourceTree = "<group>"; };
		5445697E25B7485400DE4097 /* Service.swift */ = {isa = PBXFileReference; lastKnownFileType = sourcecode.swift; path = Service.swift; sourceTree = "<group>"; };
		5445698125B7488800DE4097 /* PhotoItem.swift */ = {isa = PBXFileReference; lastKnownFileType = sourcecode.swift; path = PhotoItem.swift; sourceTree = "<group>"; };
		5445698425B7493000DE4097 /* AppConstants.swift */ = {isa = PBXFileReference; lastKnownFileType = sourcecode.swift; path = AppConstants.swift; sourceTree = "<group>"; };
		5445698825B7499A00DE4097 /* MainViewController.swift */ = {isa = PBXFileReference; lastKnownFileType = sourcecode.swift; path = MainViewController.swift; sourceTree = "<group>"; };
		5445698B25B7502000DE4097 /* UIView+Layout.swift */ = {isa = PBXFileReference; lastKnownFileType = sourcecode.swift; path = "UIView+Layout.swift"; sourceTree = "<group>"; };
		5445698E25B7505100DE4097 /* PhotoCell.swift */ = {isa = PBXFileReference; lastKnownFileType = sourcecode.swift; path = PhotoCell.swift; sourceTree = "<group>"; };
		5445699525B75BB800DE4097 /* WaterfallLayout.swift */ = {isa = PBXFileReference; lastKnownFileType = sourcecode.swift; path = WaterfallLayout.swift; sourceTree = "<group>"; };
		5445699725B75BD200DE4097 /* PagingView.swift */ = {isa = PBXFileReference; lastKnownFileType = sourcecode.swift; path = PagingView.swift; sourceTree = "<group>"; };
		5445699B25B7F52300DE4097 /* PhotoView.swift */ = {isa = PBXFileReference; lastKnownFileType = sourcecode.swift; path = PhotoView.swift; sourceTree = "<group>"; };
		5445699D25B80FE400DE4097 /* UIColor+Additions.swift */ = {isa = PBXFileReference; lastKnownFileType = sourcecode.swift; path = "UIColor+Additions.swift"; sourceTree = "<group>"; };
		544569C425B8373600DE4097 /* PhotoDetailViewController.swift */ = {isa = PBXFileReference; lastKnownFileType = sourcecode.swift; path = PhotoDetailViewController.swift; sourceTree = "<group>"; };
		A9BCABA1C59740D689323AD6 /* Pods-Gallery.debug.xcconfig */ = {isa = PBXFileReference; includeInIndex = 1; lastKnownFileType = text.xcconfig; name = "Pods-Gallery.debug.xcconfig"; path = "Target Support Files/Pods-Gallery/Pods-Gallery.debug.xcconfig"; sourceTree = "<group>"; };
		EA853EB673A88E3C742830B7 /* Pods_Gallery.framework */ = {isa = PBXFileReference; explicitFileType = wrapper.framework; includeInIndex = 0; path = Pods_Gallery.framework; sourceTree = BUILT_PRODUCTS_DIR; };
/* End PBXFileReference section */

/* Begin PBXFrameworksBuildPhase section */
		5445694925B6FD1700DE4097 /* Frameworks */ = {
			isa = PBXFrameworksBuildPhase;
			buildActionMask = 2147483647;
			files = (
				969BF5E1CEC6A5C5F63018F1 /* Pods_Gallery.framework in Frameworks */,
			);
			runOnlyForDeploymentPostprocessing = 0;
		};
/* End PBXFrameworksBuildPhase section */

/* Begin PBXGroup section */
		366958C58AA34EB0E974C738 /* Frameworks */ = {
			isa = PBXGroup;
			children = (
				EA853EB673A88E3C742830B7 /* Pods_Gallery.framework */,
			);
			name = Frameworks;
			sourceTree = "<group>";
		};
		5445694325B6FD1700DE4097 = {
			isa = PBXGroup;
			children = (
				5445694E25B6FD1700DE4097 /* Gallery */,
				5445694D25B6FD1700DE4097 /* Products */,
				A6380F67124BF00734A40CFD /* Pods */,
				366958C58AA34EB0E974C738 /* Frameworks */,
			);
			sourceTree = "<group>";
		};
		5445694D25B6FD1700DE4097 /* Products */ = {
			isa = PBXGroup;
			children = (
				5445694C25B6FD1700DE4097 /* Gallery.app */,
			);
			name = Products;
			sourceTree = "<group>";
		};
		5445694E25B6FD1700DE4097 /* Gallery */ = {
			isa = PBXGroup;
			children = (
				5445698325B7492600DE4097 /* Helper */,
				5445698025B7487D00DE4097 /* Models */,
				5445697D25B7482300DE4097 /* Network */,
				5445698D25B7504700DE4097 /* Views */,
				5445698A25B74A2300DE4097 /* Controllers */,
				5445694F25B6FD1700DE4097 /* AppDelegate.swift */,
				5445695125B6FD1700DE4097 /* SceneDelegate.swift */,
				5445695525B6FD1700DE4097 /* Main.storyboard */,
				5445695825B6FD1700DE4097 /* Assets.xcassets */,
				5445695A25B6FD1700DE4097 /* LaunchScreen.storyboard */,
				5445695D25B6FD1700DE4097 /* Info.plist */,
			);
			path = Gallery;
			sourceTree = "<group>";
		};
		5445697D25B7482300DE4097 /* Network */ = {
			isa = PBXGroup;
			children = (
				5445697B25B7480F00DE4097 /* ApiKeys.swift */,
				5445697E25B7485400DE4097 /* Service.swift */,
			);
			path = Network;
			sourceTree = "<group>";
		};
		5445698025B7487D00DE4097 /* Models */ = {
			isa = PBXGroup;
			children = (
				5445698125B7488800DE4097 /* PhotoItem.swift */,
			);
			path = Models;
			sourceTree = "<group>";
		};
		5445698325B7492600DE4097 /* Helper */ = {
			isa = PBXGroup;
			children = (
				5445698425B7493000DE4097 /* AppConstants.swift */,
				5445698B25B7502000DE4097 /* UIView+Layout.swift */,
				5445699D25B80FE400DE4097 /* UIColor+Additions.swift */,
			);
			path = Helper;
			sourceTree = "<group>";
		};
		5445698A25B74A2300DE4097 /* Controllers */ = {
			isa = PBXGroup;
			children = (
				5445698825B7499A00DE4097 /* MainViewController.swift */,
				544569C425B8373600DE4097 /* PhotoDetailViewController.swift */,
			);
			path = Controllers;
			sourceTree = "<group>";
		};
		5445698D25B7504700DE4097 /* Views */ = {
			isa = PBXGroup;
			children = (
				5445698E25B7505100DE4097 /* PhotoCell.swift */,
				5445699B25B7F52300DE4097 /* PhotoView.swift */,
				5445699525B75BB800DE4097 /* WaterfallLayout.swift */,
				5445699725B75BD200DE4097 /* PagingView.swift */,
			);
			path = Views;
			sourceTree = "<group>";
		};
		A6380F67124BF00734A40CFD /* Pods */ = {
			isa = PBXGroup;
			children = (
				A9BCABA1C59740D689323AD6 /* Pods-Gallery.debug.xcconfig */,
				26FFBBBF6E13C7550D1759A3 /* Pods-Gallery.release.xcconfig */,
			);
			path = Pods;
			sourceTree = "<group>";
		};
/* End PBXGroup section */

/* Begin PBXNativeTarget section */
		5445694B25B6FD1700DE4097 /* Gallery */ = {
			isa = PBXNativeTarget;
			buildConfigurationList = 5445696025B6FD1700DE4097 /* Build configuration list for PBXNativeTarget "Gallery" */;
			buildPhases = (
				BB79AA7EDD09A2477A0A28D4 /* [CP] Check Pods Manifest.lock */,
				5445694825B6FD1700DE4097 /* Sources */,
				5445694925B6FD1700DE4097 /* Frameworks */,
				5445694A25B6FD1700DE4097 /* Resources */,
				01D19F09209CCCDBFC27DC52 /* [CP] Embed Pods Frameworks */,
			);
			buildRules = (
			);
			dependencies = (
			);
			name = Gallery;
			productName = Gallery;
			productReference = 5445694C25B6FD1700DE4097 /* Gallery.app */;
			productType = "com.apple.product-type.application";
		};
/* End PBXNativeTarget section */

/* Begin PBXProject section */
		5445694425B6FD1700DE4097 /* Project object */ = {
			isa = PBXProject;
			attributes = {
				LastSwiftUpdateCheck = 1170;
				LastUpgradeCheck = 1170;
				ORGANIZATIONNAME = "David";
				TargetAttributes = {
					5445694B25B6FD1700DE4097 = {
						CreatedOnToolsVersion = 11.7;
					};
				};
			};
			buildConfigurationList = 5445694725B6FD1700DE4097 /* Build configuration list for PBXProject "Gallery" */;
			compatibilityVersion = "Xcode 9.3";
			developmentRegion = en;
			hasScannedForEncodings = 0;
			knownRegions = (
				en,
				Base,
			);
			mainGroup = 5445694325B6FD1700DE4097;
			productRefGroup = 5445694D25B6FD1700DE4097 /* Products */;
			projectDirPath = "";
			projectRoot = "";
			targets = (
				5445694B25B6FD1700DE4097 /* Gallery */,
			);
		};
/* End PBXProject section */

/* Begin PBXResourcesBuildPhase section */
		5445694A25B6FD1700DE4097 /* Resources */ = {
			isa = PBXResourcesBuildPhase;
			buildActionMask = 2147483647;
			files = (
				5445695C25B6FD1700DE4097 /* LaunchScreen.storyboard in Resources */,
				5445695925B6FD1700DE4097 /* Assets.xcassets in Resources */,
				5445695725B6FD1700DE4097 /* Main.storyboard in Resources */,
			);
			runOnlyForDeploymentPostprocessing = 0;
		};
/* End PBXResourcesBuildPhase section */

/* Begin PBXShellScriptBuildPhase section */
		01D19F09209CCCDBFC27DC52 /* [CP] Embed Pods Frameworks */ = {
			isa = PBXShellScriptBuildPhase;
			buildActionMask = 2147483647;
			files = (
			);
			inputFileListPaths = (
				"${PODS_ROOT}/Target Support Files/Pods-Gallery/Pods-Gallery-frameworks-${CONFIGURATION}-input-files.xcfilelist",
			);
			name = "[CP] Embed Pods Frameworks";
			outputFileListPaths = (
				"${PODS_ROOT}/Target Support Files/Pods-Gallery/Pods-Gallery-frameworks-${CONFIGURATION}-output-files.xcfilelist",
			);
			runOnlyForDeploymentPostprocessing = 0;
			shellPath = /bin/sh;
			shellScript = "\"${PODS_ROOT}/Target Support Files/Pods-Gallery/Pods-Gallery-frameworks.sh\"\n";
			showEnvVarsInLog = 0;
		};
		BB79AA7EDD09A2477A0A28D4 /* [CP] Check Pods Manifest.lock */ = {
			isa = PBXShellScriptBuildPhase;
			buildActionMask = 2147483647;
			files = (
			);
			inputFileListPaths = (
			);
			inputPaths = (
				"${PODS_PODFILE_DIR_PATH}/Podfile.lock",
				"${PODS_ROOT}/Manifest.lock",
			);
			name = "[CP] Check Pods Manifest.lock";
			outputFileListPaths = (
			);
			outputPaths = (
				"$(DERIVED_FILE_DIR)/Pods-Gallery-checkManifestLockResult.txt",
			);
			runOnlyForDeploymentPostprocessing = 0;
			shellPath = /bin/sh;
			shellScript = "diff \"${PODS_PODFILE_DIR_PATH}/Podfile.lock\" \"${PODS_ROOT}/Manifest.lock\" > /dev/null\nif [ $? != 0 ] ; then\n    # print error to STDERR\n    echo \"error: The sandbox is not in sync with the Podfile.lock. Run 'pod install' or update your CocoaPods installation.\" >&2\n    exit 1\nfi\n# This output is used by Xcode 'outputs' to avoid re-running this script phase.\necho \"SUCCESS\" > \"${SCRIPT_OUTPUT_FILE_0}\"\n";
			showEnvVarsInLog = 0;
		};
/* End PBXShellScriptBuildPhase section */

/* Begin PBXSourcesBuildPhase section */
		5445694825B6FD1700DE4097 /* Sources */ = {
			isa = PBXSourcesBuildPhase;
			buildActionMask = 2147483647;
			files = (
				5445699825B75BD200DE4097 /* PagingView.swift in Sources */,
				5445699E25B80FE400DE4097 /* UIColor+Additions.swift in Sources */,
				5445698C25B7502000DE4097 /* UIView+Layout.swift in Sources */,
				5445698F25B7505100DE4097 /* PhotoCell.swift in Sources */,
				5445699C25B7F52300DE4097 /* PhotoView.swift in Sources */,
				5445698925B7499A00DE4097 /* MainViewController.swift in Sources */,
				5445695025B6FD1700DE4097 /* AppDelegate.swift in Sources */,
				5445697F25B7485400DE4097 /* Service.swift in Sources */,
				5445697C25B7480F00DE4097 /* ApiKeys.swift in Sources */,
				5445698525B7493000DE4097 /* AppConstants.swift in Sources */,
				544569C525B8373600DE4097 /* PhotoDetailViewController.swift in Sources */,
				5445695225B6FD1700DE4097 /* SceneDelegate.swift in Sources */,
				5445699625B75BB800DE4097 /* WaterfallLayout.swift in Sources */,
				5445698225B7488800DE4097 /* PhotoItem.swift in Sources */,
			);
			runOnlyForDeploymentPostprocessing = 0;
		};
/* End PBXSourcesBuildPhase section */

/* Begin PBXVariantGroup section */
		5445695525B6FD1700DE4097 /* Main.storyboard */ = {
			isa = PBXVariantGroup;
			children = (
				5445695625B6FD1700DE4097 /* Base */,
			);
			name = Main.storyboard;
			sourceTree = "<group>";
		};
		5445695A25B6FD1700DE4097 /* LaunchScreen.storyboard */ = {
			isa = PBXVariantGroup;
			children = (
				5445695B25B6FD1700DE4097 /* Base */,
			);
			name = LaunchScreen.storyboard;
			sourceTree = "<group>";
		};
/* End PBXVariantGroup section */

/* Begin XCBuildConfiguration section */
		5445695E25B6FD1700DE4097 /* Debug */ = {
			isa = XCBuildConfiguration;
			buildSettings = {
				ALWAYS_SEARCH_USER_PATHS = NO;
				CLANG_ANALYZER_NONNULL = YES;
				CLANG_ANALYZER_NUMBER_OBJECT_CONVERSION = YES_AGGRESSIVE;
				CLANG_CXX_LANGUAGE_STANDARD = "gnu++14";
				CLANG_CXX_LIBRARY = "libc++";
				CLANG_ENABLE_MODULES = YES;
				CLANG_ENABLE_OBJC_ARC = YES;
				CLANG_ENABLE_OBJC_WEAK = YES;
				CLANG_WARN_BLOCK_CAPTURE_AUTORELEASING = YES;
				CLANG_WARN_BOOL_CONVERSION = YES;
				CLANG_WARN_COMMA = YES;
				CLANG_WARN_CONSTANT_CONVERSION = YES;
				CLANG_WARN_DEPRECATED_OBJC_IMPLEMENTATIONS = YES;
				CLANG_WARN_DIRECT_OBJC_ISA_USAGE = YES_ERROR;
				CLANG_WARN_DOCUMENTATION_COMMENTS = YES;
				CLANG_WARN_EMPTY_BODY = YES;
				CLANG_WARN_ENUM_CONVERSION = YES;
				CLANG_WARN_INFINITE_RECURSION = YES;
				CLANG_WARN_INT_CONVERSION = YES;
				CLANG_WARN_NON_LITERAL_NULL_CONVERSION = YES;
				CLANG_WARN_OBJC_IMPLICIT_RETAIN_SELF = YES;
				CLANG_WARN_OBJC_LITERAL_CONVERSION = YES;
				CLANG_WARN_OBJC_ROOT_CLASS = YES_ERROR;
				CLANG_WARN_RANGE_LOOP_ANALYSIS = YES;
				CLANG_WARN_STRICT_PROTOTYPES = YES;
				CLANG_WARN_SUSPICIOUS_MOVE = YES;
				CLANG_WARN_UNGUARDED_AVAILABILITY = YES_AGGRESSIVE;
				CLANG_WARN_UNREACHABLE_CODE = YES;
				CLANG_WARN__DUPLICATE_METHOD_MATCH = YES;
				COPY_PHASE_STRIP = NO;
				DEBUG_INFORMATION_FORMAT = dwarf;
				ENABLE_STRICT_OBJC_MSGSEND = YES;
				ENABLE_TESTABILITY = YES;
				GCC_C_LANGUAGE_STANDARD = gnu11;
				GCC_DYNAMIC_NO_PIC = NO;
				GCC_NO_COMMON_BLOCKS = YES;
				GCC_OPTIMIZATION_LEVEL = 0;
				GCC_PREPROCESSOR_DEFINITIONS = (
					"DEBUG=1",
					"$(inherited)",
				);
				GCC_WARN_64_TO_32_BIT_CONVERSION = YES;
				GCC_WARN_ABOUT_RETURN_TYPE = YES_ERROR;
				GCC_WARN_UNDECLARED_SELECTOR = YES;
				GCC_WARN_UNINITIALIZED_AUTOS = YES_AGGRESSIVE;
				GCC_WARN_UNUSED_FUNCTION = YES;
				GCC_WARN_UNUSED_VARIABLE = YES;
				IPHONEOS_DEPLOYMENT_TARGET = 13.7;
				MTL_ENABLE_DEBUG_INFO = INCLUDE_SOURCE;
				MTL_FAST_MATH = YES;
				ONLY_ACTIVE_ARCH = YES;
				SDKROOT = iphoneos;
				SWIFT_ACTIVE_COMPILATION_CONDITIONS = DEBUG;
				SWIFT_OPTIMIZATION_LEVEL = "-Onone";
			};
			name = Debug;
		};
		5445695F25B6FD1700DE4097 /* Release */ = {
			isa = XCBuildConfiguration;
			buildSettings = {
				ALWAYS_SEARCH_USER_PATHS = NO;
				CLANG_ANALYZER_NONNULL = YES;
				CLANG_ANALYZER_NUMBER_OBJECT_CONVERSION = YES_AGGRESSIVE;
				CLANG_CXX_LANGUAGE_STANDARD = "gnu++14";
				CLANG_CXX_LIBRARY = "libc++";
				CLANG_ENABLE_MODULES = YES;
				CLANG_ENABLE_OBJC_ARC = YES;
				CLANG_ENABLE_OBJC_WEAK = YES;
				CLANG_WARN_BLOCK_CAPTURE_AUTORELEASING = YES;
				CLANG_WARN_BOOL_CONVERSION = YES;
				CLANG_WARN_COMMA = YES;
				CLANG_WARN_CONSTANT_CONVERSION = YES;
				CLANG_WARN_DEPRECATED_OBJC_IMPLEMENTATIONS = YES;
				CLANG_WARN_DIRECT_OBJC_ISA_USAGE = YES_ERROR;
				CLANG_WARN_DOCUMENTATION_COMMENTS = YES;
				CLANG_WARN_EMPTY_BODY = YES;
				CLANG_WARN_ENUM_CONVERSION = YES;
				CLANG_WARN_INFINITE_RECURSION = YES;
				CLANG_WARN_INT_CONVERSION = YES;
				CLANG_WARN_NON_LITERAL_NULL_CONVERSION = YES;
				CLANG_WARN_OBJC_IMPLICIT_RETAIN_SELF = YES;
				CLANG_WARN_OBJC_LITERAL_CONVERSION = YES;
				CLANG_WARN_OBJC_ROOT_CLASS = YES_ERROR;
				CLANG_WARN_RANGE_LOOP_ANALYSIS = YES;
				CLANG_WARN_STRICT_PROTOTYPES = YES;
				CLANG_WARN_SUSPICIOUS_MOVE = YES;
				CLANG_WARN_UNGUARDED_AVAILABILITY = YES_AGGRESSIVE;
				CLANG_WARN_UNREACHABLE_CODE = YES;
				CLANG_WARN__DUPLICATE_METHOD_MATCH = YES;
				COPY_PHASE_STRIP = NO;
				DEBUG_INFORMATION_FORMAT = "dwarf-with-dsym";
				ENABLE_NS_ASSERTIONS = NO;
				ENABLE_STRICT_OBJC_MSGSEND = YES;
				GCC_C_LANGUAGE_STANDARD = gnu11;
				GCC_NO_COMMON_BLOCKS = YES;
				GCC_WARN_64_TO_32_BIT_CONVERSION = YES;
				GCC_WARN_ABOUT_RETURN_TYPE = YES_ERROR;
				GCC_WARN_UNDECLARED_SELECTOR = YES;
				GCC_WARN_UNINITIALIZED_AUTOS = YES_AGGRESSIVE;
				GCC_WARN_UNUSED_FUNCTION = YES;
				GCC_WARN_UNUSED_VARIABLE = YES;
				IPHONEOS_DEPLOYMENT_TARGET = 13.7;
				MTL_ENABLE_DEBUG_INFO = NO;
				MTL_FAST_MATH = YES;
				SDKROOT = iphoneos;
				SWIFT_COMPILATION_MODE = wholemodule;
				SWIFT_OPTIMIZATION_LEVEL = "-O";
				VALIDATE_PRODUCT = YES;
			};
			name = Release;
		};
		5445696125B6FD1700DE4097 /* Debug */ = {
			isa = XCBuildConfiguration;
			baseConfigurationReference = A9BCABA1C59740D689323AD6 /* Pods-Gallery.debug.xcconfig */;
			buildSettings = {
				ASSETCATALOG_COMPILER_APPICON_NAME = AppIcon;
				CODE_SIGN_STYLE = Automatic;
				DEVELOPMENT_TEAM = KFB5E3K2Z2;
				INFOPLIST_FILE = Gallery/Info.plist;
				LD_RUNPATH_SEARCH_PATHS = (
					"$(inherited)",
					"@executable_path/Frameworks",
				);
				PRODUCT_BUNDLE_IDENTIFIER = com.dvdlee.Gallery;
				PRODUCT_NAME = "$(TARGET_NAME)";
				SWIFT_VERSION = 5.0;
				TARGETED_DEVICE_FAMILY = 1;
			};
			name = Debug;
		};
		5445696225B6FD1700DE4097 /* Release */ = {
			isa = XCBuildConfiguration;
			baseConfigurationReference = 26FFBBBF6E13C7550D1759A3 /* Pods-Gallery.release.xcconfig */;
			buildSettings = {
				ASSETCATALOG_COMPILER_APPICON_NAME = AppIcon;
				CODE_SIGN_STYLE = Automatic;
				DEVELOPMENT_TEAM = KFB5E3K2Z2;
				INFOPLIST_FILE = Gallery/Info.plist;
				LD_RUNPATH_SEARCH_PATHS = (
					"$(inherited)",
					"@executable_path/Frameworks",
				);
				PRODUCT_BUNDLE_IDENTIFIER = com.dvdlee.Gallery;
				PRODUCT_NAME = "$(TARGET_NAME)";
				SWIFT_VERSION = 5.0;
				TARGETED_DEVICE_FAMILY = 1;
			};
			name = Release;
		};
/* End XCBuildConfiguration section */

/* Begin XCConfigurationList section */
		5445694725B6FD1700DE4097 /* Build configuration list for PBXProject "Gallery" */ = {
			isa = XCConfigurationList;
			buildConfigurations = (
				5445695E25B6FD1700DE4097 /* Debug */,
				5445695F25B6FD1700DE4097 /* Release */,
			);
			defaultConfigurationIsVisible = 0;
			defaultConfigurationName = Release;
		};
		5445696025B6FD1700DE4097 /* Build configuration list for PBXNativeTarget "Gallery" */ = {
			isa = XCConfigurationList;
			buildConfigurations = (
				5445696125B6FD1700DE4097 /* Debug */,
				5445696225B6FD1700DE4097 /* Release */,
			);
			defaultConfigurationIsVisible = 0;
			defaultConfigurationName = Release;
		};
/* End XCConfigurationList section */
	};
	rootObject = 5445694425B6FD1700DE4097 /* Project object */;
}
